
Microsoft Visual Studio Solution File, Format Version 12.00
# Visual Studio Version 17
VisualStudioVersion = 17.3.32819.101
MinimumVisualStudioVersion = 10.0.40219.1
Project("{888888A0-9F3D-457C-B088-3A5042F75D52}") = "LihtsasFunktsioonidSohr", "LihtsasFunktsioonidSohr.pyproj", "{C1CB88C6-444C-4A20-B1B1-89C8B16E4117}"
EndProject
Global
	GlobalSection(SolutionConfigurationPlatforms) = preSolution
		Debug|Any CPU = Debug|Any CPU
		Release|Any CPU = Release|Any CPU
	EndGlobalSection
	GlobalSection(ProjectConfigurationPlatforms) = postSolution
		{C1CB88C6-444C-4A20-B1B1-89C8B16E4117}.Debug|Any CPU.ActiveCfg = Debug|Any CPU
		{C1CB88C6-444C-4A20-B1B1-89C8B16E4117}.Release|Any CPU.ActiveCfg = Release|Any CPU
	EndGlobalSection
	GlobalSection(SolutionProperties) = preSolution
		HideSolutionNode = FALSE
	EndGlobalSection
	GlobalSection(ExtensibilityGlobals) = postSolution
		SolutionGuid = {4AE96EF5-DD38-4194-A652-278E64C60D18}
	EndGlobalSection
EndGlobal
